// !$*UTF8*$!
{
	archiveVersion = 1;
	classes = {
	};
	objectVersion = 56;
	objects = {

/* Begin PBXBuildFile section */
		5B135B802BBD7F4000A33AE3 /* ElementCell.swift in Sources */ = {isa = PBXBuildFile; fileRef = 5B135B7F2BBD7F4000A33AE3 /* ElementCell.swift */; };
		5B135B892BC01EED00A33AE3 /* Model.xcdatamodeld in Sources */ = {isa = PBXBuildFile; fileRef = 5B135B872BC01EED00A33AE3 /* Model.xcdatamodeld */; };
		5B4B697E2B7F779D00FA4CE9 /* AppDelegate.swift in Sources */ = {isa = PBXBuildFile; fileRef = 5B4B697D2B7F779D00FA4CE9 /* AppDelegate.swift */; };
		5B4B69802B7F779D00FA4CE9 /* SceneDelegate.swift in Sources */ = {isa = PBXBuildFile; fileRef = 5B4B697F2B7F779D00FA4CE9 /* SceneDelegate.swift */; };
		5B4B69822B7F779D00FA4CE9 /* DiskModel.swift in Sources */ = {isa = PBXBuildFile; fileRef = 5B4B69812B7F779D00FA4CE9 /* DiskModel.swift */; };
		5B4B69872B7F77A000FA4CE9 /* Assets.xcassets in Resources */ = {isa = PBXBuildFile; fileRef = 5B4B69862B7F77A000FA4CE9 /* Assets.xcassets */; };
		5B4B698A2B7F77A000FA4CE9 /* LaunchScreen.storyboard in Resources */ = {isa = PBXBuildFile; fileRef = 5B4B69882B7F77A000FA4CE9 /* LaunchScreen.storyboard */; };
		5B4B69952B7F77A000FA4CE9 /* YaDiskTests.swift in Sources */ = {isa = PBXBuildFile; fileRef = 5B4B69942B7F77A000FA4CE9 /* YaDiskTests.swift */; };
		5B4B699F2B7F77A000FA4CE9 /* YaDiskUITests.swift in Sources */ = {isa = PBXBuildFile; fileRef = 5B4B699E2B7F77A000FA4CE9 /* YaDiskUITests.swift */; };
		5B4B69A12B7F77A000FA4CE9 /* YaDiskUITestsLaunchTests.swift in Sources */ = {isa = PBXBuildFile; fileRef = 5B4B69A02B7F77A000FA4CE9 /* YaDiskUITestsLaunchTests.swift */; };
		5B6AA7622BA44D11004AE90D /* ProfileProtocol.swift in Sources */ = {isa = PBXBuildFile; fileRef = 5B6AA7612BA44D11004AE90D /* ProfileProtocol.swift */; };
		5B6AA7642BA44D1E004AE90D /* FilesProtocol.swift in Sources */ = {isa = PBXBuildFile; fileRef = 5B6AA7632BA44D1E004AE90D /* FilesProtocol.swift */; };
		5B6AA7682BA47127004AE90D /* ProfilePresenterProtocol.swift in Sources */ = {isa = PBXBuildFile; fileRef = 5B6AA7672BA47127004AE90D /* ProfilePresenterProtocol.swift */; };
		5B6AA76A2BA47136004AE90D /* Presenter.swift in Sources */ = {isa = PBXBuildFile; fileRef = 5B6AA7692BA47136004AE90D /* Presenter.swift */; };
		5B6AA76C2BA9B5E8004AE90D /* Diagram.swift in Sources */ = {isa = PBXBuildFile; fileRef = 5B6AA76B2BA9B5E8004AE90D /* Diagram.swift */; };
		5B7E1CDA2BD7DCCD007587B0 /* OldAllFilesVC.swift in Sources */ = {isa = PBXBuildFile; fileRef = 5B7E1CD92BD7DCCD007587B0 /* OldAllFilesVC.swift */; };
		5B7E1CDC2BD8FE05007587B0 /* AuthViewController.swift in Sources */ = {isa = PBXBuildFile; fileRef = 5B7E1CDB2BD8FE05007587B0 /* AuthViewController.swift */; };
		5B7E1CDE2BD9039D007587B0 /* OldDiskModel.swift in Sources */ = {isa = PBXBuildFile; fileRef = 5B7E1CDD2BD9039D007587B0 /* OldDiskModel.swift */; };
		5BA0BACD2BD2A78200E4D7A2 /* TestAPIVC.swift in Sources */ = {isa = PBXBuildFile; fileRef = 5BA0BACC2BD2A78200E4D7A2 /* TestAPIVC.swift */; };
		5BA0BAF52BD2D54E00E4D7A2 /* FilesCell+CoreDataClass.swift in Sources */ = {isa = PBXBuildFile; fileRef = 5BA0BAF32BD2D54E00E4D7A2 /* FilesCell+CoreDataClass.swift */; };
		5BA0BAF62BD2D54E00E4D7A2 /* FilesCell+CoreDataProperties.swift in Sources */ = {isa = PBXBuildFile; fileRef = 5BA0BAF42BD2D54E00E4D7A2 /* FilesCell+CoreDataProperties.swift */; };
		5BA0BAF82BD2D56A00E4D7A2 /* CoreDataManager.swift in Sources */ = {isa = PBXBuildFile; fileRef = 5BA0BAF72BD2D56A00E4D7A2 /* CoreDataManager.swift */; };
		5BF346EF2B9F313200DC3F44 /* JSONManager.swift in Sources */ = {isa = PBXBuildFile; fileRef = 5BF346EE2B9F313200DC3F44 /* JSONManager.swift */; };
		5BF346F12B9F3D2800DC3F44 /* DiskModelProtocol.swift in Sources */ = {isa = PBXBuildFile; fileRef = 5BF346F02B9F3D2800DC3F44 /* DiskModelProtocol.swift */; };
		5BF346F32BA43F1100DC3F44 /* TabBarController.swift in Sources */ = {isa = PBXBuildFile; fileRef = 5BF346F22BA43F1100DC3F44 /* TabBarController.swift */; };
		5BF346F52BA43FA700DC3F44 /* ProfileViewController.swift in Sources */ = {isa = PBXBuildFile; fileRef = 5BF346F42BA43FA700DC3F44 /* ProfileViewController.swift */; };
		5BF346F72BA43FD500DC3F44 /* LastFilesViewController.swift in Sources */ = {isa = PBXBuildFile; fileRef = 5BF346F62BA43FD500DC3F44 /* LastFilesViewController.swift */; };
		5BF346F92BA4400100DC3F44 /* AllFilesViewController.swift in Sources */ = {isa = PBXBuildFile; fileRef = 5BF346F82BA4400100DC3F44 /* AllFilesViewController.swift */; };
		74D9643B9B54A736FBAE1380 /* Pods_YaDisk_YaDiskUITests.framework in Frameworks */ = {isa = PBXBuildFile; fileRef = 1C8E2EE7F9DAA31EC6956E66 /* Pods_YaDisk_YaDiskUITests.framework */; };
		8FB15FB660FB157F12DB44FE /* Pods_YaDiskTests.framework in Frameworks */ = {isa = PBXBuildFile; fileRef = 899C14E3A3FB2305DAA42D1E /* Pods_YaDiskTests.framework */; };
		9DEAF26CE4D6D76F5233581D /* Pods_YaDisk.framework in Frameworks */ = {isa = PBXBuildFile; fileRef = 68097659AB79E38615C6052E /* Pods_YaDisk.framework */; };
/* End PBXBuildFile section */

/* Begin PBXContainerItemProxy section */
		5B4B69912B7F77A000FA4CE9 /* PBXContainerItemProxy */ = {
			isa = PBXContainerItemProxy;
			containerPortal = 5B4B69722B7F779D00FA4CE9 /* Project object */;
			proxyType = 1;
			remoteGlobalIDString = 5B4B69792B7F779D00FA4CE9;
			remoteInfo = YaDisk;
		};
		5B4B699B2B7F77A000FA4CE9 /* PBXContainerItemProxy */ = {
			isa = PBXContainerItemProxy;
			containerPortal = 5B4B69722B7F779D00FA4CE9 /* Project object */;
			proxyType = 1;
			remoteGlobalIDString = 5B4B69792B7F779D00FA4CE9;
			remoteInfo = YaDisk;
		};
/* End PBXContainerItemProxy section */

/* Begin PBXFileReference section */
		1AC4595B22FC69F529A1FC9F /* Pods-YaDisk.debug.xcconfig */ = {isa = PBXFileReference; includeInIndex = 1; lastKnownFileType = text.xcconfig; name = "Pods-YaDisk.debug.xcconfig"; path = "Target Support Files/Pods-YaDisk/Pods-YaDisk.debug.xcconfig"; sourceTree = "<group>"; };
		1C8E2EE7F9DAA31EC6956E66 /* Pods_YaDisk_YaDiskUITests.framework */ = {isa = PBXFileReference; explicitFileType = wrapper.framework; includeInIndex = 0; path = Pods_YaDisk_YaDiskUITests.framework; sourceTree = BUILT_PRODUCTS_DIR; };
		3EC178D75CEE3C725449A382 /* Pods-YaDisk-YaDiskUITests.release.xcconfig */ = {isa = PBXFileReference; includeInIndex = 1; lastKnownFileType = text.xcconfig; name = "Pods-YaDisk-YaDiskUITests.release.xcconfig"; path = "Target Support Files/Pods-YaDisk-YaDiskUITests/Pods-YaDisk-YaDiskUITests.release.xcconfig"; sourceTree = "<group>"; };
		50878D0472B76AD39FCBAD74 /* Pods-YaDisk-YaDiskUITests.debug.xcconfig */ = {isa = PBXFileReference; includeInIndex = 1; lastKnownFileType = text.xcconfig; name = "Pods-YaDisk-YaDiskUITests.debug.xcconfig"; path = "Target Support Files/Pods-YaDisk-YaDiskUITests/Pods-YaDisk-YaDiskUITests.debug.xcconfig"; sourceTree = "<group>"; };
		5B135B7F2BBD7F4000A33AE3 /* ElementCell.swift */ = {isa = PBXFileReference; lastKnownFileType = sourcecode.swift; path = ElementCell.swift; sourceTree = "<group>"; };
		5B135B882BC01EED00A33AE3 /* Model.xcdatamodel */ = {isa = PBXFileReference; lastKnownFileType = wrapper.xcdatamodel; path = Model.xcdatamodel; sourceTree = "<group>"; };
		5B4B697A2B7F779D00FA4CE9 /* YaDisk.app */ = {isa = PBXFileReference; explicitFileType = wrapper.application; includeInIndex = 0; path = YaDisk.app; sourceTree = BUILT_PRODUCTS_DIR; };
		5B4B697D2B7F779D00FA4CE9 /* AppDelegate.swift */ = {isa = PBXFileReference; lastKnownFileType = sourcecode.swift; path = AppDelegate.swift; sourceTree = "<group>"; };
		5B4B697F2B7F779D00FA4CE9 /* SceneDelegate.swift */ = {isa = PBXFileReference; lastKnownFileType = sourcecode.swift; path = SceneDelegate.swift; sourceTree = "<group>"; };
		5B4B69812B7F779D00FA4CE9 /* DiskModel.swift */ = {isa = PBXFileReference; lastKnownFileType = sourcecode.swift; path = DiskModel.swift; sourceTree = "<group>"; };
		5B4B69862B7F77A000FA4CE9 /* Assets.xcassets */ = {isa = PBXFileReference; lastKnownFileType = folder.assetcatalog; path = Assets.xcassets; sourceTree = "<group>"; };
		5B4B69892B7F77A000FA4CE9 /* Base */ = {isa = PBXFileReference; lastKnownFileType = file.storyboard; name = Base; path = Base.lproj/LaunchScreen.storyboard; sourceTree = "<group>"; };
		5B4B698B2B7F77A000FA4CE9 /* Info.plist */ = {isa = PBXFileReference; lastKnownFileType = text.plist.xml; path = Info.plist; sourceTree = "<group>"; };
		5B4B69902B7F77A000FA4CE9 /* YaDiskTests.xctest */ = {isa = PBXFileReference; explicitFileType = wrapper.cfbundle; includeInIndex = 0; path = YaDiskTests.xctest; sourceTree = BUILT_PRODUCTS_DIR; };
		5B4B69942B7F77A000FA4CE9 /* YaDiskTests.swift */ = {isa = PBXFileReference; lastKnownFileType = sourcecode.swift; path = YaDiskTests.swift; sourceTree = "<group>"; };
		5B4B699A2B7F77A000FA4CE9 /* YaDiskUITests.xctest */ = {isa = PBXFileReference; explicitFileType = wrapper.cfbundle; includeInIndex = 0; path = YaDiskUITests.xctest; sourceTree = BUILT_PRODUCTS_DIR; };
		5B4B699E2B7F77A000FA4CE9 /* YaDiskUITests.swift */ = {isa = PBXFileReference; lastKnownFileType = sourcecode.swift; path = YaDiskUITests.swift; sourceTree = "<group>"; };
		5B4B69A02B7F77A000FA4CE9 /* YaDiskUITestsLaunchTests.swift */ = {isa = PBXFileReference; lastKnownFileType = sourcecode.swift; path = YaDiskUITestsLaunchTests.swift; sourceTree = "<group>"; };
		5B6AA7612BA44D11004AE90D /* ProfileProtocol.swift */ = {isa = PBXFileReference; lastKnownFileType = sourcecode.swift; path = ProfileProtocol.swift; sourceTree = "<group>"; };
		5B6AA7632BA44D1E004AE90D /* FilesProtocol.swift */ = {isa = PBXFileReference; lastKnownFileType = sourcecode.swift; path = FilesProtocol.swift; sourceTree = "<group>"; };
		5B6AA7672BA47127004AE90D /* ProfilePresenterProtocol.swift */ = {isa = PBXFileReference; lastKnownFileType = sourcecode.swift; path = ProfilePresenterProtocol.swift; sourceTree = "<group>"; };
		5B6AA7692BA47136004AE90D /* Presenter.swift */ = {isa = PBXFileReference; lastKnownFileType = sourcecode.swift; path = Presenter.swift; sourceTree = "<group>"; };
		5B6AA76B2BA9B5E8004AE90D /* Diagram.swift */ = {isa = PBXFileReference; lastKnownFileType = sourcecode.swift; path = Diagram.swift; sourceTree = "<group>"; };
		5B7E1CD92BD7DCCD007587B0 /* OldAllFilesVC.swift */ = {isa = PBXFileReference; lastKnownFileType = sourcecode.swift; path = OldAllFilesVC.swift; sourceTree = "<group>"; };
		5B7E1CDB2BD8FE05007587B0 /* AuthViewController.swift */ = {isa = PBXFileReference; lastKnownFileType = sourcecode.swift; path = AuthViewController.swift; sourceTree = "<group>"; };
		5B7E1CDD2BD9039D007587B0 /* OldDiskModel.swift */ = {isa = PBXFileReference; lastKnownFileType = sourcecode.swift; path = OldDiskModel.swift; sourceTree = "<group>"; };
		5BA0BACC2BD2A78200E4D7A2 /* TestAPIVC.swift */ = {isa = PBXFileReference; lastKnownFileType = sourcecode.swift; path = TestAPIVC.swift; sourceTree = "<group>"; };
		5BA0BAF32BD2D54E00E4D7A2 /* FilesCell+CoreDataClass.swift */ = {isa = PBXFileReference; lastKnownFileType = sourcecode.swift; path = "FilesCell+CoreDataClass.swift"; sourceTree = "<group>"; };
		5BA0BAF42BD2D54E00E4D7A2 /* FilesCell+CoreDataProperties.swift */ = {isa = PBXFileReference; lastKnownFileType = sourcecode.swift; path = "FilesCell+CoreDataProperties.swift"; sourceTree = "<group>"; };
		5BA0BAF72BD2D56A00E4D7A2 /* CoreDataManager.swift */ = {isa = PBXFileReference; lastKnownFileType = sourcecode.swift; path = CoreDataManager.swift; sourceTree = "<group>"; };
		5BF346EE2B9F313200DC3F44 /* JSONManager.swift */ = {isa = PBXFileReference; lastKnownFileType = sourcecode.swift; path = JSONManager.swift; sourceTree = "<group>"; };
		5BF346F02B9F3D2800DC3F44 /* DiskModelProtocol.swift */ = {isa = PBXFileReference; lastKnownFileType = sourcecode.swift; path = DiskModelProtocol.swift; sourceTree = "<group>"; };
		5BF346F22BA43F1100DC3F44 /* TabBarController.swift */ = {isa = PBXFileReference; lastKnownFileType = sourcecode.swift; path = TabBarController.swift; sourceTree = "<group>"; };
		5BF346F42BA43FA700DC3F44 /* ProfileViewController.swift */ = {isa = PBXFileReference; lastKnownFileType = sourcecode.swift; path = ProfileViewController.swift; sourceTree = "<group>"; };
		5BF346F62BA43FD500DC3F44 /* LastFilesViewController.swift */ = {isa = PBXFileReference; lastKnownFileType = sourcecode.swift; path = LastFilesViewController.swift; sourceTree = "<group>"; };
		5BF346F82BA4400100DC3F44 /* AllFilesViewController.swift */ = {isa = PBXFileReference; lastKnownFileType = sourcecode.swift; path = AllFilesViewController.swift; sourceTree = "<group>"; };
		68097659AB79E38615C6052E /* Pods_YaDisk.framework */ = {isa = PBXFileReference; explicitFileType = wrapper.framework; includeInIndex = 0; path = Pods_YaDisk.framework; sourceTree = BUILT_PRODUCTS_DIR; };
		705B332F39E0D17784B9D711 /* Pods-YaDiskTests.release.xcconfig */ = {isa = PBXFileReference; includeInIndex = 1; lastKnownFileType = text.xcconfig; name = "Pods-YaDiskTests.release.xcconfig"; path = "Target Support Files/Pods-YaDiskTests/Pods-YaDiskTests.release.xcconfig"; sourceTree = "<group>"; };
		899C14E3A3FB2305DAA42D1E /* Pods_YaDiskTests.framework */ = {isa = PBXFileReference; explicitFileType = wrapper.framework; includeInIndex = 0; path = Pods_YaDiskTests.framework; sourceTree = BUILT_PRODUCTS_DIR; };
		9C1FF73E5557D35C96988931 /* Pods-YaDisk.release.xcconfig */ = {isa = PBXFileReference; includeInIndex = 1; lastKnownFileType = text.xcconfig; name = "Pods-YaDisk.release.xcconfig"; path = "Target Support Files/Pods-YaDisk/Pods-YaDisk.release.xcconfig"; sourceTree = "<group>"; };
		AFE12E44ECF68A1D9C31CDA8 /* Pods-YaDiskTests.debug.xcconfig */ = {isa = PBXFileReference; includeInIndex = 1; lastKnownFileType = text.xcconfig; name = "Pods-YaDiskTests.debug.xcconfig"; path = "Target Support Files/Pods-YaDiskTests/Pods-YaDiskTests.debug.xcconfig"; sourceTree = "<group>"; };
/* End PBXFileReference section */

/* Begin PBXFrameworksBuildPhase section */
		5B4B69772B7F779D00FA4CE9 /* Frameworks */ = {
			isa = PBXFrameworksBuildPhase;
			buildActionMask = 2147483647;
			files = (
				9DEAF26CE4D6D76F5233581D /* Pods_YaDisk.framework in Frameworks */,
			);
			runOnlyForDeploymentPostprocessing = 0;
		};
		5B4B698D2B7F77A000FA4CE9 /* Frameworks */ = {
			isa = PBXFrameworksBuildPhase;
			buildActionMask = 2147483647;
			files = (
				8FB15FB660FB157F12DB44FE /* Pods_YaDiskTests.framework in Frameworks */,
			);
			runOnlyForDeploymentPostprocessing = 0;
		};
		5B4B69972B7F77A000FA4CE9 /* Frameworks */ = {
			isa = PBXFrameworksBuildPhase;
			buildActionMask = 2147483647;
			files = (
				74D9643B9B54A736FBAE1380 /* Pods_YaDisk_YaDiskUITests.framework in Frameworks */,
			);
			runOnlyForDeploymentPostprocessing = 0;
		};
/* End PBXFrameworksBuildPhase section */

/* Begin PBXGroup section */
		3039C2FDCFDAE12F6198A52A /* Frameworks */ = {
			isa = PBXGroup;
			children = (
				68097659AB79E38615C6052E /* Pods_YaDisk.framework */,
				1C8E2EE7F9DAA31EC6956E66 /* Pods_YaDisk_YaDiskUITests.framework */,
				899C14E3A3FB2305DAA42D1E /* Pods_YaDiskTests.framework */,
			);
			name = Frameworks;
			sourceTree = "<group>";
		};
		341A92C2D0250266CCC4681A /* Pods */ = {
			isa = PBXGroup;
			children = (
				1AC4595B22FC69F529A1FC9F /* Pods-YaDisk.debug.xcconfig */,
				9C1FF73E5557D35C96988931 /* Pods-YaDisk.release.xcconfig */,
				50878D0472B76AD39FCBAD74 /* Pods-YaDisk-YaDiskUITests.debug.xcconfig */,
				3EC178D75CEE3C725449A382 /* Pods-YaDisk-YaDiskUITests.release.xcconfig */,
				AFE12E44ECF68A1D9C31CDA8 /* Pods-YaDiskTests.debug.xcconfig */,
				705B332F39E0D17784B9D711 /* Pods-YaDiskTests.release.xcconfig */,
			);
			path = Pods;
			sourceTree = "<group>";
		};
		5B4B69712B7F779D00FA4CE9 = {
			isa = PBXGroup;
			children = (
				5BA0BAF72BD2D56A00E4D7A2 /* CoreDataManager.swift */,
				5BA0BAF32BD2D54E00E4D7A2 /* FilesCell+CoreDataClass.swift */,
				5BA0BAF42BD2D54E00E4D7A2 /* FilesCell+CoreDataProperties.swift */,
				5B4B697C2B7F779D00FA4CE9 /* YaDisk */,
				5B4B69932B7F77A000FA4CE9 /* YaDiskTests */,
				5B4B699D2B7F77A000FA4CE9 /* YaDiskUITests */,
				5B4B697B2B7F779D00FA4CE9 /* Products */,
				341A92C2D0250266CCC4681A /* Pods */,
				3039C2FDCFDAE12F6198A52A /* Frameworks */,
			);
			sourceTree = "<group>";
		};
		5B4B697B2B7F779D00FA4CE9 /* Products */ = {
			isa = PBXGroup;
			children = (
				5B4B697A2B7F779D00FA4CE9 /* YaDisk.app */,
				5B4B69902B7F77A000FA4CE9 /* YaDiskTests.xctest */,
				5B4B699A2B7F77A000FA4CE9 /* YaDiskUITests.xctest */,
			);
			name = Products;
			sourceTree = "<group>";
		};
		5B4B697C2B7F779D00FA4CE9 /* YaDisk */ = {
			isa = PBXGroup;
			children = (
				5B4B697D2B7F779D00FA4CE9 /* AppDelegate.swift */,
				5B4B697F2B7F779D00FA4CE9 /* SceneDelegate.swift */,
				5BF346F02B9F3D2800DC3F44 /* DiskModelProtocol.swift */,
				5B4B69812B7F779D00FA4CE9 /* DiskModel.swift */,
				5B7E1CDB2BD8FE05007587B0 /* AuthViewController.swift */,
				5B6AA7672BA47127004AE90D /* ProfilePresenterProtocol.swift */,
				5B6AA7692BA47136004AE90D /* Presenter.swift */,
				5B6AA7612BA44D11004AE90D /* ProfileProtocol.swift */,
				5BF346F42BA43FA700DC3F44 /* ProfileViewController.swift */,
				5B6AA7632BA44D1E004AE90D /* FilesProtocol.swift */,
				5BA0BACC2BD2A78200E4D7A2 /* TestAPIVC.swift */,
				5BF346F62BA43FD500DC3F44 /* LastFilesViewController.swift */,
				5BF346F82BA4400100DC3F44 /* AllFilesViewController.swift */,
				5B7E1CDF2BD9043A007587B0 /* OLD */,
				5BF346F22BA43F1100DC3F44 /* TabBarController.swift */,
				5BF346EE2B9F313200DC3F44 /* JSONManager.swift */,
				5B135B7F2BBD7F4000A33AE3 /* ElementCell.swift */,
				5B6AA76B2BA9B5E8004AE90D /* Diagram.swift */,
				5B4B69862B7F77A000FA4CE9 /* Assets.xcassets */,
				5B4B69882B7F77A000FA4CE9 /* LaunchScreen.storyboard */,
				5B4B698B2B7F77A000FA4CE9 /* Info.plist */,
				5B135B872BC01EED00A33AE3 /* Model.xcdatamodeld */,
			);
			path = YaDisk;
			sourceTree = "<group>";
		};
		5B4B69932B7F77A000FA4CE9 /* YaDiskTests */ = {
			isa = PBXGroup;
			children = (
				5B4B69942B7F77A000FA4CE9 /* YaDiskTests.swift */,
			);
			path = YaDiskTests;
			sourceTree = "<group>";
		};
		5B4B699D2B7F77A000FA4CE9 /* YaDiskUITests */ = {
			isa = PBXGroup;
			children = (
				5B4B699E2B7F77A000FA4CE9 /* YaDiskUITests.swift */,
				5B4B69A02B7F77A000FA4CE9 /* YaDiskUITestsLaunchTests.swift */,
			);
			path = YaDiskUITests;
			sourceTree = "<group>";
		};
		5B7E1CDF2BD9043A007587B0 /* OLD */ = {
			isa = PBXGroup;
			children = (
				5B7E1CDD2BD9039D007587B0 /* OldDiskModel.swift */,
				5B7E1CD92BD7DCCD007587B0 /* OldAllFilesVC.swift */,
			);
			path = OLD;
			sourceTree = "<group>";
		};
/* End PBXGroup section */

/* Begin PBXNativeTarget section */
		5B4B69792B7F779D00FA4CE9 /* YaDisk */ = {
			isa = PBXNativeTarget;
			buildConfigurationList = 5B4B69A42B7F77A000FA4CE9 /* Build configuration list for PBXNativeTarget "YaDisk" */;
			buildPhases = (
				40E433B6B6CA6EEF56E8BA7A /* [CP] Check Pods Manifest.lock */,
				5B4B69762B7F779D00FA4CE9 /* Sources */,
				5B4B69772B7F779D00FA4CE9 /* Frameworks */,
				5B4B69782B7F779D00FA4CE9 /* Resources */,
				BAA4304A465DA6C6097D4D2E /* [CP] Embed Pods Frameworks */,
			);
			buildRules = (
			);
			dependencies = (
			);
			name = YaDisk;
			productName = YaDisk;
			productReference = 5B4B697A2B7F779D00FA4CE9 /* YaDisk.app */;
			productType = "com.apple.product-type.application";
		};
		5B4B698F2B7F77A000FA4CE9 /* YaDiskTests */ = {
			isa = PBXNativeTarget;
			buildConfigurationList = 5B4B69A72B7F77A000FA4CE9 /* Build configuration list for PBXNativeTarget "YaDiskTests" */;
			buildPhases = (
				7DC82EBDF444AFDD112BE8F0 /* [CP] Check Pods Manifest.lock */,
				5B4B698C2B7F77A000FA4CE9 /* Sources */,
				5B4B698D2B7F77A000FA4CE9 /* Frameworks */,
				5B4B698E2B7F77A000FA4CE9 /* Resources */,
			);
			buildRules = (
			);
			dependencies = (
				5B4B69922B7F77A000FA4CE9 /* PBXTargetDependency */,
			);
			name = YaDiskTests;
			productName = YaDiskTests;
			productReference = 5B4B69902B7F77A000FA4CE9 /* YaDiskTests.xctest */;
			productType = "com.apple.product-type.bundle.unit-test";
		};
		5B4B69992B7F77A000FA4CE9 /* YaDiskUITests */ = {
			isa = PBXNativeTarget;
			buildConfigurationList = 5B4B69AA2B7F77A000FA4CE9 /* Build configuration list for PBXNativeTarget "YaDiskUITests" */;
			buildPhases = (
				45213B58A050D8E78C639118 /* [CP] Check Pods Manifest.lock */,
				5B4B69962B7F77A000FA4CE9 /* Sources */,
				5B4B69972B7F77A000FA4CE9 /* Frameworks */,
				5B4B69982B7F77A000FA4CE9 /* Resources */,
				EC07EF3E566F3A7C60EA1D29 /* [CP] Embed Pods Frameworks */,
			);
			buildRules = (
			);
			dependencies = (
				5B4B699C2B7F77A000FA4CE9 /* PBXTargetDependency */,
			);
			name = YaDiskUITests;
			productName = YaDiskUITests;
			productReference = 5B4B699A2B7F77A000FA4CE9 /* YaDiskUITests.xctest */;
			productType = "com.apple.product-type.bundle.ui-testing";
		};
/* End PBXNativeTarget section */

/* Begin PBXProject section */
		5B4B69722B7F779D00FA4CE9 /* Project object */ = {
			isa = PBXProject;
			attributes = {
				BuildIndependentTargetsInParallel = 1;
				LastSwiftUpdateCheck = 1520;
				LastUpgradeCheck = 1520;
				TargetAttributes = {
					5B4B69792B7F779D00FA4CE9 = {
						CreatedOnToolsVersion = 15.2;
					};
					5B4B698F2B7F77A000FA4CE9 = {
						CreatedOnToolsVersion = 15.2;
						TestTargetID = 5B4B69792B7F779D00FA4CE9;
					};
					5B4B69992B7F77A000FA4CE9 = {
						CreatedOnToolsVersion = 15.2;
						TestTargetID = 5B4B69792B7F779D00FA4CE9;
					};
				};
			};
			buildConfigurationList = 5B4B69752B7F779D00FA4CE9 /* Build configuration list for PBXProject "YaDisk" */;
			compatibilityVersion = "Xcode 14.0";
			developmentRegion = en;
			hasScannedForEncodings = 0;
			knownRegions = (
				en,
				Base,
			);
			mainGroup = 5B4B69712B7F779D00FA4CE9;
			productRefGroup = 5B4B697B2B7F779D00FA4CE9 /* Products */;
			projectDirPath = "";
			projectRoot = "";
			targets = (
				5B4B69792B7F779D00FA4CE9 /* YaDisk */,
				5B4B698F2B7F77A000FA4CE9 /* YaDiskTests */,
				5B4B69992B7F77A000FA4CE9 /* YaDiskUITests */,
			);
		};
/* End PBXProject section */

/* Begin PBXResourcesBuildPhase section */
		5B4B69782B7F779D00FA4CE9 /* Resources */ = {
			isa = PBXResourcesBuildPhase;
			buildActionMask = 2147483647;
			files = (
				5B4B698A2B7F77A000FA4CE9 /* LaunchScreen.storyboard in Resources */,
				5B4B69872B7F77A000FA4CE9 /* Assets.xcassets in Resources */,
			);
			runOnlyForDeploymentPostprocessing = 0;
		};
		5B4B698E2B7F77A000FA4CE9 /* Resources */ = {
			isa = PBXResourcesBuildPhase;
			buildActionMask = 2147483647;
			files = (
			);
			runOnlyForDeploymentPostprocessing = 0;
		};
		5B4B69982B7F77A000FA4CE9 /* Resources */ = {
			isa = PBXResourcesBuildPhase;
			buildActionMask = 2147483647;
			files = (
			);
			runOnlyForDeploymentPostprocessing = 0;
		};
/* End PBXResourcesBuildPhase section */

/* Begin PBXShellScriptBuildPhase section */
		40E433B6B6CA6EEF56E8BA7A /* [CP] Check Pods Manifest.lock */ = {
			isa = PBXShellScriptBuildPhase;
			buildActionMask = 2147483647;
			files = (
			);
			inputFileListPaths = (
			);
			inputPaths = (
				"${PODS_PODFILE_DIR_PATH}/Podfile.lock",
				"${PODS_ROOT}/Manifest.lock",
			);
			name = "[CP] Check Pods Manifest.lock";
			outputFileListPaths = (
			);
			outputPaths = (
				"$(DERIVED_FILE_DIR)/Pods-YaDisk-checkManifestLockResult.txt",
			);
			runOnlyForDeploymentPostprocessing = 0;
			shellPath = /bin/sh;
			shellScript = "diff \"${PODS_PODFILE_DIR_PATH}/Podfile.lock\" \"${PODS_ROOT}/Manifest.lock\" > /dev/null\nif [ $? != 0 ] ; then\n    # print error to STDERR\n    echo \"error: The sandbox is not in sync with the Podfile.lock. Run 'pod install' or update your CocoaPods installation.\" >&2\n    exit 1\nfi\n# This output is used by Xcode 'outputs' to avoid re-running this script phase.\necho \"SUCCESS\" > \"${SCRIPT_OUTPUT_FILE_0}\"\n";
			showEnvVarsInLog = 0;
		};
		45213B58A050D8E78C639118 /* [CP] Check Pods Manifest.lock */ = {
			isa = PBXShellScriptBuildPhase;
			buildActionMask = 2147483647;
			files = (
			);
			inputFileListPaths = (
			);
			inputPaths = (
				"${PODS_PODFILE_DIR_PATH}/Podfile.lock",
				"${PODS_ROOT}/Manifest.lock",
			);
			name = "[CP] Check Pods Manifest.lock";
			outputFileListPaths = (
			);
			outputPaths = (
				"$(DERIVED_FILE_DIR)/Pods-YaDisk-YaDiskUITests-checkManifestLockResult.txt",
			);
			runOnlyForDeploymentPostprocessing = 0;
			shellPath = /bin/sh;
			shellScript = "diff \"${PODS_PODFILE_DIR_PATH}/Podfile.lock\" \"${PODS_ROOT}/Manifest.lock\" > /dev/null\nif [ $? != 0 ] ; then\n    # print error to STDERR\n    echo \"error: The sandbox is not in sync with the Podfile.lock. Run 'pod install' or update your CocoaPods installation.\" >&2\n    exit 1\nfi\n# This output is used by Xcode 'outputs' to avoid re-running this script phase.\necho \"SUCCESS\" > \"${SCRIPT_OUTPUT_FILE_0}\"\n";
			showEnvVarsInLog = 0;
		};
		7DC82EBDF444AFDD112BE8F0 /* [CP] Check Pods Manifest.lock */ = {
			isa = PBXShellScriptBuildPhase;
			buildActionMask = 2147483647;
			files = (
			);
			inputFileListPaths = (
			);
			inputPaths = (
				"${PODS_PODFILE_DIR_PATH}/Podfile.lock",
				"${PODS_ROOT}/Manifest.lock",
			);
			name = "[CP] Check Pods Manifest.lock";
			outputFileListPaths = (
			);
			outputPaths = (
				"$(DERIVED_FILE_DIR)/Pods-YaDiskTests-checkManifestLockResult.txt",
			);
			runOnlyForDeploymentPostprocessing = 0;
			shellPath = /bin/sh;
			shellScript = "diff \"${PODS_PODFILE_DIR_PATH}/Podfile.lock\" \"${PODS_ROOT}/Manifest.lock\" > /dev/null\nif [ $? != 0 ] ; then\n    # print error to STDERR\n    echo \"error: The sandbox is not in sync with the Podfile.lock. Run 'pod install' or update your CocoaPods installation.\" >&2\n    exit 1\nfi\n# This output is used by Xcode 'outputs' to avoid re-running this script phase.\necho \"SUCCESS\" > \"${SCRIPT_OUTPUT_FILE_0}\"\n";
			showEnvVarsInLog = 0;
		};
		BAA4304A465DA6C6097D4D2E /* [CP] Embed Pods Frameworks */ = {
			isa = PBXShellScriptBuildPhase;
			buildActionMask = 2147483647;
			files = (
			);
			inputFileListPaths = (
				"${PODS_ROOT}/Target Support Files/Pods-YaDisk/Pods-YaDisk-frameworks-${CONFIGURATION}-input-files.xcfilelist",
			);
			name = "[CP] Embed Pods Frameworks";
			outputFileListPaths = (
				"${PODS_ROOT}/Target Support Files/Pods-YaDisk/Pods-YaDisk-frameworks-${CONFIGURATION}-output-files.xcfilelist",
			);
			runOnlyForDeploymentPostprocessing = 0;
			shellPath = /bin/sh;
			shellScript = "\"${PODS_ROOT}/Target Support Files/Pods-YaDisk/Pods-YaDisk-frameworks.sh\"\n";
			showEnvVarsInLog = 0;
		};
		EC07EF3E566F3A7C60EA1D29 /* [CP] Embed Pods Frameworks */ = {
			isa = PBXShellScriptBuildPhase;
			buildActionMask = 2147483647;
			files = (
			);
			inputFileListPaths = (
				"${PODS_ROOT}/Target Support Files/Pods-YaDisk-YaDiskUITests/Pods-YaDisk-YaDiskUITests-frameworks-${CONFIGURATION}-input-files.xcfilelist",
			);
			name = "[CP] Embed Pods Frameworks";
			outputFileListPaths = (
				"${PODS_ROOT}/Target Support Files/Pods-YaDisk-YaDiskUITests/Pods-YaDisk-YaDiskUITests-frameworks-${CONFIGURATION}-output-files.xcfilelist",
			);
			runOnlyForDeploymentPostprocessing = 0;
			shellPath = /bin/sh;
			shellScript = "\"${PODS_ROOT}/Target Support Files/Pods-YaDisk-YaDiskUITests/Pods-YaDisk-YaDiskUITests-frameworks.sh\"\n";
			showEnvVarsInLog = 0;
		};
/* End PBXShellScriptBuildPhase section */

/* Begin PBXSourcesBuildPhase section */
		5B4B69762B7F779D00FA4CE9 /* Sources */ = {
			isa = PBXSourcesBuildPhase;
			buildActionMask = 2147483647;
			files = (
				5B7E1CDC2BD8FE05007587B0 /* AuthViewController.swift in Sources */,
				5B4B69822B7F779D00FA4CE9 /* DiskModel.swift in Sources */,
				5BF346F92BA4400100DC3F44 /* AllFilesViewController.swift in Sources */,
				5BF346F32BA43F1100DC3F44 /* TabBarController.swift in Sources */,
				5BF346F12B9F3D2800DC3F44 /* DiskModelProtocol.swift in Sources */,
				5BA0BACD2BD2A78200E4D7A2 /* TestAPIVC.swift in Sources */,
				5B6AA7682BA47127004AE90D /* ProfilePresenterProtocol.swift in Sources */,
				5BF346EF2B9F313200DC3F44 /* JSONManager.swift in Sources */,
				5B135B802BBD7F4000A33AE3 /* ElementCell.swift in Sources */,
				5B7E1CDA2BD7DCCD007587B0 /* OldAllFilesVC.swift in Sources */,
				5BF346F52BA43FA700DC3F44 /* ProfileViewController.swift in Sources */,
				5B4B697E2B7F779D00FA4CE9 /* AppDelegate.swift in Sources */,
				5BF346F72BA43FD500DC3F44 /* LastFilesViewController.swift in Sources */,
				5B6AA76C2BA9B5E8004AE90D /* Diagram.swift in Sources */,
				5B4B69802B7F779D00FA4CE9 /* SceneDelegate.swift in Sources */,
				5B6AA7642BA44D1E004AE90D /* FilesProtocol.swift in Sources */,
				5B6AA7622BA44D11004AE90D /* ProfileProtocol.swift in Sources */,
				5B135B892BC01EED00A33AE3 /* Model.xcdatamodeld in Sources */,
				5BA0BAF52BD2D54E00E4D7A2 /* FilesCell+CoreDataClass.swift in Sources */,
				5BA0BAF62BD2D54E00E4D7A2 /* FilesCell+CoreDataProperties.swift in Sources */,
				5B7E1CDE2BD9039D007587B0 /* OldDiskModel.swift in Sources */,
				5BA0BAF82BD2D56A00E4D7A2 /* CoreDataManager.swift in Sources */,
				5B6AA76A2BA47136004AE90D /* Presenter.swift in Sources */,
			);
			runOnlyForDeploymentPostprocessing = 0;
		};
		5B4B698C2B7F77A000FA4CE9 /* Sources */ = {
			isa = PBXSourcesBuildPhase;
			buildActionMask = 2147483647;
			files = (
				5B4B69952B7F77A000FA4CE9 /* YaDiskTests.swift in Sources */,
			);
			runOnlyForDeploymentPostprocessing = 0;
		};
		5B4B69962B7F77A000FA4CE9 /* Sources */ = {
			isa = PBXSourcesBuildPhase;
			buildActionMask = 2147483647;
			files = (
				5B4B699F2B7F77A000FA4CE9 /* YaDiskUITests.swift in Sources */,
				5B4B69A12B7F77A000FA4CE9 /* YaDiskUITestsLaunchTests.swift in Sources */,
			);
			runOnlyForDeploymentPostprocessing = 0;
		};
/* End PBXSourcesBuildPhase section */

/* Begin PBXTargetDependency section */
		5B4B69922B7F77A000FA4CE9 /* PBXTargetDependency */ = {
			isa = PBXTargetDependency;
			target = 5B4B69792B7F779D00FA4CE9 /* YaDisk */;
			targetProxy = 5B4B69912B7F77A000FA4CE9 /* PBXContainerItemProxy */;
		};
		5B4B699C2B7F77A000FA4CE9 /* PBXTargetDependency */ = {
			isa = PBXTargetDependency;
			target = 5B4B69792B7F779D00FA4CE9 /* YaDisk */;
			targetProxy = 5B4B699B2B7F77A000FA4CE9 /* PBXContainerItemProxy */;
		};
/* End PBXTargetDependency section */

/* Begin PBXVariantGroup section */
		5B4B69882B7F77A000FA4CE9 /* LaunchScreen.storyboard */ = {
			isa = PBXVariantGroup;
			children = (
				5B4B69892B7F77A000FA4CE9 /* Base */,
			);
			name = LaunchScreen.storyboard;
			sourceTree = "<group>";
		};
/* End PBXVariantGroup section */

/* Begin XCBuildConfiguration section */
		5B4B69A22B7F77A000FA4CE9 /* Debug */ = {
			isa = XCBuildConfiguration;
			buildSettings = {
				ALWAYS_SEARCH_USER_PATHS = NO;
				ASSETCATALOG_COMPILER_GENERATE_SWIFT_ASSET_SYMBOL_EXTENSIONS = YES;
				CLANG_ANALYZER_NONNULL = YES;
				CLANG_ANALYZER_NUMBER_OBJECT_CONVERSION = YES_AGGRESSIVE;
				CLANG_CXX_LANGUAGE_STANDARD = "gnu++20";
				CLANG_ENABLE_MODULES = YES;
				CLANG_ENABLE_OBJC_ARC = YES;
				CLANG_ENABLE_OBJC_WEAK = YES;
				CLANG_WARN_BLOCK_CAPTURE_AUTORELEASING = YES;
				CLANG_WARN_BOOL_CONVERSION = YES;
				CLANG_WARN_COMMA = YES;
				CLANG_WARN_CONSTANT_CONVERSION = YES;
				CLANG_WARN_DEPRECATED_OBJC_IMPLEMENTATIONS = YES;
				CLANG_WARN_DIRECT_OBJC_ISA_USAGE = YES_ERROR;
				CLANG_WARN_DOCUMENTATION_COMMENTS = YES;
				CLANG_WARN_EMPTY_BODY = YES;
				CLANG_WARN_ENUM_CONVERSION = YES;
				CLANG_WARN_INFINITE_RECURSION = YES;
				CLANG_WARN_INT_CONVERSION = YES;
				CLANG_WARN_NON_LITERAL_NULL_CONVERSION = YES;
				CLANG_WARN_OBJC_IMPLICIT_RETAIN_SELF = YES;
				CLANG_WARN_OBJC_LITERAL_CONVERSION = YES;
				CLANG_WARN_OBJC_ROOT_CLASS = YES_ERROR;
				CLANG_WARN_QUOTED_INCLUDE_IN_FRAMEWORK_HEADER = YES;
				CLANG_WARN_RANGE_LOOP_ANALYSIS = YES;
				CLANG_WARN_STRICT_PROTOTYPES = YES;
				CLANG_WARN_SUSPICIOUS_MOVE = YES;
				CLANG_WARN_UNGUARDED_AVAILABILITY = YES_AGGRESSIVE;
				CLANG_WARN_UNREACHABLE_CODE = YES;
				CLANG_WARN__DUPLICATE_METHOD_MATCH = YES;
				COPY_PHASE_STRIP = NO;
				DEBUG_INFORMATION_FORMAT = dwarf;
				ENABLE_STRICT_OBJC_MSGSEND = YES;
				ENABLE_TESTABILITY = YES;
				ENABLE_USER_SCRIPT_SANDBOXING = NO;
				GCC_C_LANGUAGE_STANDARD = gnu17;
				GCC_DYNAMIC_NO_PIC = NO;
				GCC_NO_COMMON_BLOCKS = YES;
				GCC_OPTIMIZATION_LEVEL = 0;
				GCC_PREPROCESSOR_DEFINITIONS = (
					"DEBUG=1",
					"$(inherited)",
				);
				GCC_WARN_64_TO_32_BIT_CONVERSION = YES;
				GCC_WARN_ABOUT_RETURN_TYPE = YES_ERROR;
				GCC_WARN_UNDECLARED_SELECTOR = YES;
				GCC_WARN_UNINITIALIZED_AUTOS = YES_AGGRESSIVE;
				GCC_WARN_UNUSED_FUNCTION = YES;
				GCC_WARN_UNUSED_VARIABLE = YES;
				IPHONEOS_DEPLOYMENT_TARGET = 17.2;
				LOCALIZATION_PREFERS_STRING_CATALOGS = YES;
				MTL_ENABLE_DEBUG_INFO = INCLUDE_SOURCE;
				MTL_FAST_MATH = YES;
				ONLY_ACTIVE_ARCH = YES;
				SDKROOT = iphoneos;
				SWIFT_ACTIVE_COMPILATION_CONDITIONS = "DEBUG $(inherited)";
				SWIFT_OPTIMIZATION_LEVEL = "-Onone";
			};
			name = Debug;
		};
		5B4B69A32B7F77A000FA4CE9 /* Release */ = {
			isa = XCBuildConfiguration;
			buildSettings = {
				ALWAYS_SEARCH_USER_PATHS = NO;
				ASSETCATALOG_COMPILER_GENERATE_SWIFT_ASSET_SYMBOL_EXTENSIONS = YES;
				CLANG_ANALYZER_NONNULL = YES;
				CLANG_ANALYZER_NUMBER_OBJECT_CONVERSION = YES_AGGRESSIVE;
				CLANG_CXX_LANGUAGE_STANDARD = "gnu++20";
				CLANG_ENABLE_MODULES = YES;
				CLANG_ENABLE_OBJC_ARC = YES;
				CLANG_ENABLE_OBJC_WEAK = YES;
				CLANG_WARN_BLOCK_CAPTURE_AUTORELEASING = YES;
				CLANG_WARN_BOOL_CONVERSION = YES;
				CLANG_WARN_COMMA = YES;
				CLANG_WARN_CONSTANT_CONVERSION = YES;
				CLANG_WARN_DEPRECATED_OBJC_IMPLEMENTATIONS = YES;
				CLANG_WARN_DIRECT_OBJC_ISA_USAGE = YES_ERROR;
				CLANG_WARN_DOCUMENTATION_COMMENTS = YES;
				CLANG_WARN_EMPTY_BODY = YES;
				CLANG_WARN_ENUM_CONVERSION = YES;
				CLANG_WARN_INFINITE_RECURSION = YES;
				CLANG_WARN_INT_CONVERSION = YES;
				CLANG_WARN_NON_LITERAL_NULL_CONVERSION = YES;
				CLANG_WARN_OBJC_IMPLICIT_RETAIN_SELF = YES;
				CLANG_WARN_OBJC_LITERAL_CONVERSION = YES;
				CLANG_WARN_OBJC_ROOT_CLASS = YES_ERROR;
				CLANG_WARN_QUOTED_INCLUDE_IN_FRAMEWORK_HEADER = YES;
				CLANG_WARN_RANGE_LOOP_ANALYSIS = YES;
				CLANG_WARN_STRICT_PROTOTYPES = YES;
				CLANG_WARN_SUSPICIOUS_MOVE = YES;
				CLANG_WARN_UNGUARDED_AVAILABILITY = YES_AGGRESSIVE;
				CLANG_WARN_UNREACHABLE_CODE = YES;
				CLANG_WARN__DUPLICATE_METHOD_MATCH = YES;
				COPY_PHASE_STRIP = NO;
				DEBUG_INFORMATION_FORMAT = "dwarf-with-dsym";
				ENABLE_NS_ASSERTIONS = NO;
				ENABLE_STRICT_OBJC_MSGSEND = YES;
				ENABLE_USER_SCRIPT_SANDBOXING = NO;
				GCC_C_LANGUAGE_STANDARD = gnu17;
				GCC_NO_COMMON_BLOCKS = YES;
				GCC_WARN_64_TO_32_BIT_CONVERSION = YES;
				GCC_WARN_ABOUT_RETURN_TYPE = YES_ERROR;
				GCC_WARN_UNDECLARED_SELECTOR = YES;
				GCC_WARN_UNINITIALIZED_AUTOS = YES_AGGRESSIVE;
				GCC_WARN_UNUSED_FUNCTION = YES;
				GCC_WARN_UNUSED_VARIABLE = YES;
				IPHONEOS_DEPLOYMENT_TARGET = 17.2;
				LOCALIZATION_PREFERS_STRING_CATALOGS = YES;
				MTL_ENABLE_DEBUG_INFO = NO;
				MTL_FAST_MATH = YES;
				SDKROOT = iphoneos;
				SWIFT_COMPILATION_MODE = wholemodule;
				VALIDATE_PRODUCT = YES;
			};
			name = Release;
		};
		5B4B69A52B7F77A000FA4CE9 /* Debug */ = {
			isa = XCBuildConfiguration;
			baseConfigurationReference = 1AC4595B22FC69F529A1FC9F /* Pods-YaDisk.debug.xcconfig */;
			buildSettings = {
				ASSETCATALOG_COMPILER_APPICON_NAME = AppIcon;
				ASSETCATALOG_COMPILER_GLOBAL_ACCENT_COLOR_NAME = AccentColor;
				CODE_SIGN_STYLE = Automatic;
				CURRENT_PROJECT_VERSION = 1;
				DEVELOPMENT_TEAM = CSH4BNXV6S;
				GENERATE_INFOPLIST_FILE = YES;
				INFOPLIST_FILE = YaDisk/Info.plist;
				INFOPLIST_KEY_UIApplicationSupportsIndirectInputEvents = YES;
				INFOPLIST_KEY_UILaunchStoryboardName = LaunchScreen;
				INFOPLIST_KEY_UISupportedInterfaceOrientations_iPad = "UIInterfaceOrientationPortrait UIInterfaceOrientationPortraitUpsideDown UIInterfaceOrientationLandscapeLeft UIInterfaceOrientationLandscapeRight";
				INFOPLIST_KEY_UISupportedInterfaceOrientations_iPhone = "UIInterfaceOrientationPortrait UIInterfaceOrientationLandscapeLeft UIInterfaceOrientationLandscapeRight";
				LD_RUNPATH_SEARCH_PATHS = (
					"$(inherited)",
					"@executable_path/Frameworks",
				);
				MARKETING_VERSION = 1.0;
				PRODUCT_BUNDLE_IDENTIFIER = Aleksey.YaDisk;
				PRODUCT_NAME = "$(TARGET_NAME)";
				SWIFT_EMIT_LOC_STRINGS = YES;
				SWIFT_VERSION = 5.0;
				TARGETED_DEVICE_FAMILY = "1,2";
			};
			name = Debug;
		};
		5B4B69A62B7F77A000FA4CE9 /* Release */ = {
			isa = XCBuildConfiguration;
			baseConfigurationReference = 9C1FF73E5557D35C96988931 /* Pods-YaDisk.release.xcconfig */;
			buildSettings = {
				ASSETCATALOG_COMPILER_APPICON_NAME = AppIcon;
				ASSETCATALOG_COMPILER_GLOBAL_ACCENT_COLOR_NAME = AccentColor;
				CODE_SIGN_STYLE = Automatic;
				CURRENT_PROJECT_VERSION = 1;
				DEVELOPMENT_TEAM = CSH4BNXV6S;
				GENERATE_INFOPLIST_FILE = YES;
				INFOPLIST_FILE = YaDisk/Info.plist;
				INFOPLIST_KEY_UIApplicationSupportsIndirectInputEvents = YES;
				INFOPLIST_KEY_UILaunchStoryboardName = LaunchScreen;
				INFOPLIST_KEY_UISupportedInterfaceOrientations_iPad = "UIInterfaceOrientationPortrait UIInterfaceOrientationPortraitUpsideDown UIInterfaceOrientationLandscapeLeft UIInterfaceOrientationLandscapeRight";
				INFOPLIST_KEY_UISupportedInterfaceOrientations_iPhone = "UIInterfaceOrientationPortrait UIInterfaceOrientationLandscapeLeft UIInterfaceOrientationLandscapeRight";
				LD_RUNPATH_SEARCH_PATHS = (
					"$(inherited)",
					"@executable_path/Frameworks",
				);
				MARKETING_VERSION = 1.0;
				PRODUCT_BUNDLE_IDENTIFIER = Aleksey.YaDisk;
				PRODUCT_NAME = "$(TARGET_NAME)";
				SWIFT_EMIT_LOC_STRINGS = YES;
				SWIFT_VERSION = 5.0;
				TARGETED_DEVICE_FAMILY = "1,2";
			};
			name = Release;
		};
		5B4B69A82B7F77A000FA4CE9 /* Debug */ = {
			isa = XCBuildConfiguration;
			baseConfigurationReference = AFE12E44ECF68A1D9C31CDA8 /* Pods-YaDiskTests.debug.xcconfig */;
			buildSettings = {
				ALWAYS_EMBED_SWIFT_STANDARD_LIBRARIES = YES;
				BUNDLE_LOADER = "$(TEST_HOST)";
				CODE_SIGN_STYLE = Automatic;
				CURRENT_PROJECT_VERSION = 1;
				DEVELOPMENT_TEAM = CSH4BNXV6S;
				GENERATE_INFOPLIST_FILE = YES;
				IPHONEOS_DEPLOYMENT_TARGET = 17.2;
				MARKETING_VERSION = 1.0;
				PRODUCT_BUNDLE_IDENTIFIER = Aleksey.YaDiskTests;
				PRODUCT_NAME = "$(TARGET_NAME)";
				SWIFT_EMIT_LOC_STRINGS = NO;
				SWIFT_VERSION = 5.0;
				TARGETED_DEVICE_FAMILY = "1,2";
				TEST_HOST = "$(BUILT_PRODUCTS_DIR)/YaDisk.app/$(BUNDLE_EXECUTABLE_FOLDER_PATH)/YaDisk";
			};
			name = Debug;
		};
		5B4B69A92B7F77A000FA4CE9 /* Release */ = {
			isa = XCBuildConfiguration;
			baseConfigurationReference = 705B332F39E0D17784B9D711 /* Pods-YaDiskTests.release.xcconfig */;
			buildSettings = {
				ALWAYS_EMBED_SWIFT_STANDARD_LIBRARIES = YES;
				BUNDLE_LOADER = "$(TEST_HOST)";
				CODE_SIGN_STYLE = Automatic;
				CURRENT_PROJECT_VERSION = 1;
				DEVELOPMENT_TEAM = CSH4BNXV6S;
				GENERATE_INFOPLIST_FILE = YES;
				IPHONEOS_DEPLOYMENT_TARGET = 17.2;
				MARKETING_VERSION = 1.0;
				PRODUCT_BUNDLE_IDENTIFIER = Aleksey.YaDiskTests;
				PRODUCT_NAME = "$(TARGET_NAME)";
				SWIFT_EMIT_LOC_STRINGS = NO;
				SWIFT_VERSION = 5.0;
				TARGETED_DEVICE_FAMILY = "1,2";
				TEST_HOST = "$(BUILT_PRODUCTS_DIR)/YaDisk.app/$(BUNDLE_EXECUTABLE_FOLDER_PATH)/YaDisk";
			};
			name = Release;
		};
		5B4B69AB2B7F77A000FA4CE9 /* Debug */ = {
			isa = XCBuildConfiguration;
			baseConfigurationReference = 50878D0472B76AD39FCBAD74 /* Pods-YaDisk-YaDiskUITests.debug.xcconfig */;
			buildSettings = {
				ALWAYS_EMBED_SWIFT_STANDARD_LIBRARIES = YES;
				CODE_SIGN_STYLE = Automatic;
				CURRENT_PROJECT_VERSION = 1;
				DEVELOPMENT_TEAM = CSH4BNXV6S;
				GENERATE_INFOPLIST_FILE = YES;
				MARKETING_VERSION = 1.0;
				PRODUCT_BUNDLE_IDENTIFIER = Aleksey.YaDiskUITests;
				PRODUCT_NAME = "$(TARGET_NAME)";
				SWIFT_EMIT_LOC_STRINGS = NO;
				SWIFT_VERSION = 5.0;
				TARGETED_DEVICE_FAMILY = "1,2";
				TEST_TARGET_NAME = YaDisk;
			};
			name = Debug;
		};
		5B4B69AC2B7F77A000FA4CE9 /* Release */ = {
			isa = XCBuildConfiguration;
			baseConfigurationReference = 3EC178D75CEE3C725449A382 /* Pods-YaDisk-YaDiskUITests.release.xcconfig */;
			buildSettings = {
				ALWAYS_EMBED_SWIFT_STANDARD_LIBRARIES = YES;
				CODE_SIGN_STYLE = Automatic;
				CURRENT_PROJECT_VERSION = 1;
				DEVELOPMENT_TEAM = CSH4BNXV6S;
				GENERATE_INFOPLIST_FILE = YES;
				MARKETING_VERSION = 1.0;
				PRODUCT_BUNDLE_IDENTIFIER = Aleksey.YaDiskUITests;
				PRODUCT_NAME = "$(TARGET_NAME)";
				SWIFT_EMIT_LOC_STRINGS = NO;
				SWIFT_VERSION = 5.0;
				TARGETED_DEVICE_FAMILY = "1,2";
				TEST_TARGET_NAME = YaDisk;
			};
			name = Release;
		};
/* End XCBuildConfiguration section */

/* Begin XCConfigurationList section */
		5B4B69752B7F779D00FA4CE9 /* Build configuration list for PBXProject "YaDisk" */ = {
			isa = XCConfigurationList;
			buildConfigurations = (
				5B4B69A22B7F77A000FA4CE9 /* Debug */,
				5B4B69A32B7F77A000FA4CE9 /* Release */,
			);
			defaultConfigurationIsVisible = 0;
			defaultConfigurationName = Release;
		};
		5B4B69A42B7F77A000FA4CE9 /* Build configuration list for PBXNativeTarget "YaDisk" */ = {
			isa = XCConfigurationList;
			buildConfigurations = (
				5B4B69A52B7F77A000FA4CE9 /* Debug */,
				5B4B69A62B7F77A000FA4CE9 /* Release */,
			);
			defaultConfigurationIsVisible = 0;
			defaultConfigurationName = Release;
		};
		5B4B69A72B7F77A000FA4CE9 /* Build configuration list for PBXNativeTarget "YaDiskTests" */ = {
			isa = XCConfigurationList;
			buildConfigurations = (
				5B4B69A82B7F77A000FA4CE9 /* Debug */,
				5B4B69A92B7F77A000FA4CE9 /* Release */,
			);
			defaultConfigurationIsVisible = 0;
			defaultConfigurationName = Release;
		};
		5B4B69AA2B7F77A000FA4CE9 /* Build configuration list for PBXNativeTarget "YaDiskUITests" */ = {
			isa = XCConfigurationList;
			buildConfigurations = (
				5B4B69AB2B7F77A000FA4CE9 /* Debug */,
				5B4B69AC2B7F77A000FA4CE9 /* Release */,
			);
			defaultConfigurationIsVisible = 0;
			defaultConfigurationName = Release;
		};
/* End XCConfigurationList section */

/* Begin XCVersionGroup section */
		5B135B872BC01EED00A33AE3 /* Model.xcdatamodeld */ = {
			isa = XCVersionGroup;
			children = (
				5B135B882BC01EED00A33AE3 /* Model.xcdatamodel */,
			);
			currentVersion = 5B135B882BC01EED00A33AE3 /* Model.xcdatamodel */;
			name = Model.xcdatamodeld;
			path = /Users/aleksey/Documents/Xcode/diplom_iOS_lvl1/ydisk_skillbox/YaDisk/YaDisk/Model.xcdatamodeld;
			sourceTree = "<group>";
			versionGroupType = wrapper.xcdatamodel;
		};
/* End XCVersionGroup section */
	};
	rootObject = 5B4B69722B7F779D00FA4CE9 /* Project object */;
}
